// !$*UTF8*$!
{
	archiveVersion = 1;
	classes = {
	};
	objectVersion = 50;
	objects = {

/* Begin PBXBuildFile section */
		E4E2B2062293383A001E28C1 /* AppDelegate.m in Sources */ = {isa = PBXBuildFile; fileRef = E4E2B2052293383A001E28C1 /* AppDelegate.m */; };
		E4E2B20C2293383A001E28C1 /* Main.storyboard in Resources */ = {isa = PBXBuildFile; fileRef = E4E2B20A2293383A001E28C1 /* Main.storyboard */; };
		E4E2B20E2293383B001E28C1 /* Assets.xcassets in Resources */ = {isa = PBXBuildFile; fileRef = E4E2B20D2293383B001E28C1 /* Assets.xcassets */; };
		E4E2B2112293383B001E28C1 /* LaunchScreen.storyboard in Resources */ = {isa = PBXBuildFile; fileRef = E4E2B20F2293383B001E28C1 /* LaunchScreen.storyboard */; };
		E4E2B2142293383B001E28C1 /* main.m in Sources */ = {isa = PBXBuildFile; fileRef = E4E2B2132293383B001E28C1 /* main.m */; };
/* End PBXBuildFile section */

/* Begin PBXFileReference section */
		E4E2B2012293383A001E28C1 /* JournalC.app */ = {isa = PBXFileReference; explicitFileType = wrapper.application; includeInIndex = 0; path = JournalC.app; sourceTree = BUILT_PRODUCTS_DIR; };
		E4E2B2042293383A001E28C1 /* AppDelegate.h */ = {isa = PBXFileReference; lastKnownFileType = sourcecode.c.h; path = AppDelegate.h; sourceTree = "<group>"; };
		E4E2B2052293383A001E28C1 /* AppDelegate.m */ = {isa = PBXFileReference; lastKnownFileType = sourcecode.c.objc; path = AppDelegate.m; sourceTree = "<group>"; };
		E4E2B20B2293383A001E28C1 /* Base */ = {isa = PBXFileReference; lastKnownFileType = file.storyboard; name = Base; path = Base.lproj/Main.storyboard; sourceTree = "<group>"; };
		E4E2B20D2293383B001E28C1 /* Assets.xcassets */ = {isa = PBXFileReference; lastKnownFileType = folder.assetcatalog; path = Assets.xcassets; sourceTree = "<group>"; };
		E4E2B2102293383B001E28C1 /* Base */ = {isa = PBXFileReference; lastKnownFileType = file.storyboard; name = Base; path = Base.lproj/LaunchScreen.storyboard; sourceTree = "<group>"; };
		E4E2B2122293383B001E28C1 /* Info.plist */ = {isa = PBXFileReference; lastKnownFileType = text.plist.xml; path = Info.plist; sourceTree = "<group>"; };
		E4E2B2132293383B001E28C1 /* main.m */ = {isa = PBXFileReference; lastKnownFileType = sourcecode.c.objc; path = main.m; sourceTree = "<group>"; };
/* End PBXFileReference section */

/* Begin PBXFrameworksBuildPhase section */
		E4E2B1FE2293383A001E28C1 /* Frameworks */ = {
			isa = PBXFrameworksBuildPhase;
			buildActionMask = 2147483647;
			files = (
			);
			runOnlyForDeploymentPostprocessing = 0;
		};
/* End PBXFrameworksBuildPhase section */

/* Begin PBXGroup section */
		E4E2B1F82293383A001E28C1 = {
			isa = PBXGroup;
			children = (
				E4E2B2032293383A001E28C1 /* JournalC */,
				E4E2B2022293383A001E28C1 /* Products */,
			);
			sourceTree = "<group>";
		};
		E4E2B2022293383A001E28C1 /* Products */ = {
			isa = PBXGroup;
			children = (
				E4E2B2012293383A001E28C1 /* JournalC.app */,
			);
			name = Products;
			sourceTree = "<group>";
		};
		E4E2B2032293383A001E28C1 /* JournalC */ = {
			isa = PBXGroup;
			children = (
				E4E2B21D22933869001E28C1 /* Models */,
				E4E2B21C22933863001E28C1 /* Views */,
				E4E2B21B2293385D001E28C1 /* Controllers */,
				E4E2B21A2293384E001E28C1 /* Resources */,
			);
			path = JournalC;
			sourceTree = "<group>";
		};
		E4E2B21A2293384E001E28C1 /* Resources */ = {
			isa = PBXGroup;
			children = (
				E4E2B2042293383A001E28C1 /* AppDelegate.h */,
				E4E2B2052293383A001E28C1 /* AppDelegate.m */,
				E4E2B20D2293383B001E28C1 /* Assets.xcassets */,
				E4E2B20F2293383B001E28C1 /* LaunchScreen.storyboard */,
				E4E2B2122293383B001E28C1 /* Info.plist */,
				E4E2B2132293383B001E28C1 /* main.m */,
			);
			path = Resources;
			sourceTree = "<group>";
		};
		E4E2B21B2293385D001E28C1 /* Controllers */ = {
			isa = PBXGroup;
			children = (
				E4E2B21E2293386E001E28C1 /* ModelControllers */,
				E4E2B21F22933875001E28C1 /* ViewControllers */,
			);
			path = Controllers;
			sourceTree = "<group>";
		};
		E4E2B21C22933863001E28C1 /* Views */ = {
			isa = PBXGroup;
			children = (
				E4E2B20A2293383A001E28C1 /* Main.storyboard */,
			);
			path = Views;
			sourceTree = "<group>";
		};
		E4E2B21D22933869001E28C1 /* Models */ = {
			isa = PBXGroup;
			children = (
			);
			path = Models;
			sourceTree = "<group>";
		};
		E4E2B21E2293386E001E28C1 /* ModelControllers */ = {
			isa = PBXGroup;
			children = (
			);
			path = ModelControllers;
			sourceTree = "<group>";
		};
		E4E2B21F22933875001E28C1 /* ViewControllers */ = {
			isa = PBXGroup;
			children = (
			);
			path = ViewControllers;
			sourceTree = "<group>";
		};
/* End PBXGroup section */

/* Begin PBXNativeTarget section */
		E4E2B2002293383A001E28C1 /* JournalC */ = {
			isa = PBXNativeTarget;
			buildConfigurationList = E4E2B2172293383B001E28C1 /* Build configuration list for PBXNativeTarget "JournalC" */;
			buildPhases = (
				E4E2B1FD2293383A001E28C1 /* Sources */,
				E4E2B1FE2293383A001E28C1 /* Frameworks */,
				E4E2B1FF2293383A001E28C1 /* Resources */,
			);
			buildRules = (
			);
			dependencies = (
			);
			name = JournalC;
			productName = JournalC;
			productReference = E4E2B2012293383A001E28C1 /* JournalC.app */;
			productType = "com.apple.product-type.application";
		};
/* End PBXNativeTarget section */

/* Begin PBXProject section */
		E4E2B1F92293383A001E28C1 /* Project object */ = {
			isa = PBXProject;
			attributes = {
				LastUpgradeCheck = 1020;
				ORGANIZATIONNAME = devmtn;
				TargetAttributes = {
					E4E2B2002293383A001E28C1 = {
						CreatedOnToolsVersion = 10.2.1;
					};
				};
			};
			buildConfigurationList = E4E2B1FC2293383A001E28C1 /* Build configuration list for PBXProject "JournalC" */;
			compatibilityVersion = "Xcode 9.3";
			developmentRegion = en;
			hasScannedForEncodings = 0;
			knownRegions = (
				en,
				Base,
			);
			mainGroup = E4E2B1F82293383A001E28C1;
			productRefGroup = E4E2B2022293383A001E28C1 /* Products */;
			projectDirPath = "";
			projectRoot = "";
			targets = (
				E4E2B2002293383A001E28C1 /* JournalC */,
			);
		};
/* End PBXProject section */

/* Begin PBXResourcesBuildPhase section */
		E4E2B1FF2293383A001E28C1 /* Resources */ = {
			isa = PBXResourcesBuildPhase;
			buildActionMask = 2147483647;
			files = (
				E4E2B2112293383B001E28C1 /* LaunchScreen.storyboard in Resources */,
				E4E2B20E2293383B001E28C1 /* Assets.xcassets in Resources */,
				E4E2B20C2293383A001E28C1 /* Main.storyboard in Resources */,
			);
			runOnlyForDeploymentPostprocessing = 0;
		};
/* End PBXResourcesBuildPhase section */

/* Begin PBXSourcesBuildPhase section */
		E4E2B1FD2293383A001E28C1 /* Sources */ = {
			isa = PBXSourcesBuildPhase;
			buildActionMask = 2147483647;
			files = (
				E4E2B2142293383B001E28C1 /* main.m in Sources */,
				E4E2B2062293383A001E28C1 /* AppDelegate.m in Sources */,
			);
			runOnlyForDeploymentPostprocessing = 0;
		};
/* End PBXSourcesBuildPhase section */

/* Begin PBXVariantGroup section */
		E4E2B20A2293383A001E28C1 /* Main.storyboard */ = {
			isa = PBXVariantGroup;
			children = (
				E4E2B20B2293383A001E28C1 /* Base */,
			);
			name = Main.storyboard;
			sourceTree = "<group>";
		};
		E4E2B20F2293383B001E28C1 /* LaunchScreen.storyboard */ = {
			isa = PBXVariantGroup;
			children = (
				E4E2B2102293383B001E28C1 /* Base */,
			);
			name = LaunchScreen.storyboard;
			sourceTree = "<group>";
		};
/* End PBXVariantGroup section */

/* Begin XCBuildConfiguration section */
		E4E2B2152293383B001E28C1 /* Debug */ = {
			isa = XCBuildConfiguration;
			buildSettings = {
				ALWAYS_SEARCH_USER_PATHS = NO;
				CLANG_ANALYZER_NONNULL = YES;
				CLANG_ANALYZER_NUMBER_OBJECT_CONVERSION = YES_AGGRESSIVE;
				CLANG_CXX_LANGUAGE_STANDARD = "gnu++14";
				CLANG_CXX_LIBRARY = "libc++";
				CLANG_ENABLE_MODULES = YES;
				CLANG_ENABLE_OBJC_ARC = YES;
				CLANG_ENABLE_OBJC_WEAK = YES;
				CLANG_WARN_BLOCK_CAPTURE_AUTORELEASING = YES;
				CLANG_WARN_BOOL_CONVERSION = YES;
				CLANG_WARN_COMMA = YES;
				CLANG_WARN_CONSTANT_CONVERSION = YES;
				CLANG_WARN_DEPRECATED_OBJC_IMPLEMENTATIONS = YES;
				CLANG_WARN_DIRECT_OBJC_ISA_USAGE = YES_ERROR;
				CLANG_WARN_DOCUMENTATION_COMMENTS = YES;
				CLANG_WARN_EMPTY_BODY = YES;
				CLANG_WARN_ENUM_CONVERSION = YES;
				CLANG_WARN_INFINITE_RECURSION = YES;
				CLANG_WARN_INT_CONVERSION = YES;
				CLANG_WARN_NON_LITERAL_NULL_CONVERSION = YES;
				CLANG_WARN_OBJC_IMPLICIT_RETAIN_SELF = YES;
				CLANG_WARN_OBJC_LITERAL_CONVERSION = YES;
				CLANG_WARN_OBJC_ROOT_CLASS = YES_ERROR;
				CLANG_WARN_RANGE_LOOP_ANALYSIS = YES;
				CLANG_WARN_STRICT_PROTOTYPES = YES;
				CLANG_WARN_SUSPICIOUS_MOVE = YES;
				CLANG_WARN_UNGUARDED_AVAILABILITY = YES_AGGRESSIVE;
				CLANG_WARN_UNREACHABLE_CODE = YES;
				CLANG_WARN__DUPLICATE_METHOD_MATCH = YES;
				CODE_SIGN_IDENTITY = "iPhone Developer";
				COPY_PHASE_STRIP = NO;
				DEBUG_INFORMATION_FORMAT = dwarf;
				ENABLE_STRICT_OBJC_MSGSEND = YES;
				ENABLE_TESTABILITY = YES;
				GCC_C_LANGUAGE_STANDARD = gnu11;
				GCC_DYNAMIC_NO_PIC = NO;
				GCC_NO_COMMON_BLOCKS = YES;
				GCC_OPTIMIZATION_LEVEL = 0;
				GCC_PREPROCESSOR_DEFINITIONS = (
					"DEBUG=1",
					"$(inherited)",
				);
				GCC_WARN_64_TO_32_BIT_CONVERSION = YES;
				GCC_WARN_ABOUT_RETURN_TYPE = YES_ERROR;
				GCC_WARN_UNDECLARED_SELECTOR = YES;
				GCC_WARN_UNINITIALIZED_AUTOS = YES_AGGRESSIVE;
				GCC_WARN_UNUSED_FUNCTION = YES;
				GCC_WARN_UNUSED_VARIABLE = YES;
				IPHONEOS_DEPLOYMENT_TARGET = 12.2;
				MTL_ENABLE_DEBUG_INFO = INCLUDE_SOURCE;
				MTL_FAST_MATH = YES;
				ONLY_ACTIVE_ARCH = YES;
				SDKROOT = iphoneos;
			};
			name = Debug;
		};
		E4E2B2162293383B001E28C1 /* Release */ = {
			isa = XCBuildConfiguration;
			buildSettings = {
				ALWAYS_SEARCH_USER_PATHS = NO;
				CLANG_ANALYZER_NONNULL = YES;
				CLANG_ANALYZER_NUMBER_OBJECT_CONVERSION = YES_AGGRESSIVE;
				CLANG_CXX_LANGUAGE_STANDARD = "gnu++14";
				CLANG_CXX_LIBRARY = "libc++";
				CLANG_ENABLE_MODULES = YES;
				CLANG_ENABLE_OBJC_ARC = YES;
				CLANG_ENABLE_OBJC_WEAK = YES;
				CLANG_WARN_BLOCK_CAPTURE_AUTORELEASING = YES;
				CLANG_WARN_BOOL_CONVERSION = YES;
				CLANG_WARN_COMMA = YES;
				CLANG_WARN_CONSTANT_CONVERSION = YES;
				CLANG_WARN_DEPRECATED_OBJC_IMPLEMENTATIONS = YES;
				CLANG_WARN_DIRECT_OBJC_ISA_USAGE = YES_ERROR;
				CLANG_WARN_DOCUMENTATION_COMMENTS = YES;
				CLANG_WARN_EMPTY_BODY = YES;
				CLANG_WARN_ENUM_CONVERSION = YES;
				CLANG_WARN_INFINITE_RECURSION = YES;
				CLANG_WARN_INT_CONVERSION = YES;
				CLANG_WARN_NON_LITERAL_NULL_CONVERSION = YES;
				CLANG_WARN_OBJC_IMPLICIT_RETAIN_SELF = YES;
				CLANG_WARN_OBJC_LITERAL_CONVERSION = YES;
				CLANG_WARN_OBJC_ROOT_CLASS = YES_ERROR;
				CLANG_WARN_RANGE_LOOP_ANALYSIS = YES;
				CLANG_WARN_STRICT_PROTOTYPES = YES;
				CLANG_WARN_SUSPICIOUS_MOVE = YES;
				CLANG_WARN_UNGUARDED_AVAILABILITY = YES_AGGRESSIVE;
				CLANG_WARN_UNREACHABLE_CODE = YES;
				CLANG_WARN__DUPLICATE_METHOD_MATCH = YES;
				CODE_SIGN_IDENTITY = "iPhone Developer";
				COPY_PHASE_STRIP = NO;
				DEBUG_INFORMATION_FORMAT = "dwarf-with-dsym";
				ENABLE_NS_ASSERTIONS = NO;
				ENABLE_STRICT_OBJC_MSGSEND = YES;
				GCC_C_LANGUAGE_STANDARD = gnu11;
				GCC_NO_COMMON_BLOCKS = YES;
				GCC_WARN_64_TO_32_BIT_CONVERSION = YES;
				GCC_WARN_ABOUT_RETURN_TYPE = YES_ERROR;
				GCC_WARN_UNDECLARED_SELECTOR = YES;
				GCC_WARN_UNINITIALIZED_AUTOS = YES_AGGRESSIVE;
				GCC_WARN_UNUSED_FUNCTION = YES;
				GCC_WARN_UNUSED_VARIABLE = YES;
				IPHONEOS_DEPLOYMENT_TARGET = 12.2;
				MTL_ENABLE_DEBUG_INFO = NO;
				MTL_FAST_MATH = YES;
				SDKROOT = iphoneos;
				VALIDATE_PRODUCT = YES;
			};
			name = Release;
		};
		E4E2B2182293383B001E28C1 /* Debug */ = {
			isa = XCBuildConfiguration;
			buildSettings = {
				ASSETCATALOG_COMPILER_APPICON_NAME = AppIcon;
				CODE_SIGN_STYLE = Automatic;
				INFOPLIST_FILE = JournalC/Info.plist;
				LD_RUNPATH_SEARCH_PATHS = (
					"$(inherited)",
					"@executable_path/Frameworks",
				);
				PRODUCT_BUNDLE_IDENTIFIER = devmtn.JournalC;
				PRODUCT_NAME = "$(TARGET_NAME)";
				TARGETED_DEVICE_FAMILY = "1,2";
			};
			name = Debug;
		};
		E4E2B2192293383B001E28C1 /* Release */ = {
			isa = XCBuildConfiguration;
			buildSettings = {
				ASSETCATALOG_COMPILER_APPICON_NAME = AppIcon;
				CODE_SIGN_STYLE = Automatic;
				INFOPLIST_FILE = JournalC/Info.plist;
				LD_RUNPATH_SEARCH_PATHS = (
					"$(inherited)",
					"@executable_path/Frameworks",
				);
				PRODUCT_BUNDLE_IDENTIFIER = devmtn.JournalC;
				PRODUCT_NAME = "$(TARGET_NAME)";
				TARGETED_DEVICE_FAMILY = "1,2";
			};
			name = Release;
		};
/* End XCBuildConfiguration section */

/* Begin XCConfigurationList section */
		E4E2B1FC2293383A001E28C1 /* Build configuration list for PBXProject "JournalC" */ = {
			isa = XCConfigurationList;
			buildConfigurations = (
				E4E2B2152293383B001E28C1 /* Debug */,
				E4E2B2162293383B001E28C1 /* Release */,
			);
			defaultConfigurationIsVisible = 0;
			defaultConfigurationName = Release;
		};
		E4E2B2172293383B001E28C1 /* Build configuration list for PBXNativeTarget "JournalC" */ = {
			isa = XCConfigurationList;
			buildConfigurations = (
				E4E2B2182293383B001E28C1 /* Debug */,
				E4E2B2192293383B001E28C1 /* Release */,
			);
			defaultConfigurationIsVisible = 0;
			defaultConfigurationName = Release;
		};
/* End XCConfigurationList section */
	};
	rootObject = E4E2B1F92293383A001E28C1 /* Project object */;
}
